
Microsoft Visual Studio Solution File, Format Version 12.00
# Visual Studio Version 16
VisualStudioVersion = 16.0.30320.27
MinimumVisualStudioVersion = 10.0.40219.1
Project("{FAE04EC0-301F-11D3-BF4B-00C04F79EFBC}") = "EjListbox", "EjListbox\EjListbox.csproj", "{6EF4EE0B-79E3-4892-832B-94575E1D203A}"
EndProject
Global
	GlobalSection(SolutionConfigurationPlatforms) = preSolution
		Debug|Any CPU = Debug|Any CPU
		Release|Any CPU = Release|Any CPU
	EndGlobalSection
	GlobalSection(ProjectConfigurationPlatforms) = postSolution
		{6EF4EE0B-79E3-4892-832B-94575E1D203A}.Debug|Any CPU.ActiveCfg = Debug|Any CPU
		{6EF4EE0B-79E3-4892-832B-94575E1D203A}.Debug|Any CPU.Build.0 = Debug|Any CPU
		{6EF4EE0B-79E3-4892-832B-94575E1D203A}.Release|Any CPU.ActiveCfg = Release|Any CPU
		{6EF4EE0B-79E3-4892-832B-94575E1D203A}.Release|Any CPU.Build.0 = Release|Any CPU
	EndGlobalSection
	GlobalSection(SolutionProperties) = preSolution
		HideSolutionNode = FALSE
	EndGlobalSection
	GlobalSection(ExtensibilityGlobals) = postSolution
		SolutionGuid = {1AB95DA8-D18F-4E24-AC41-A4A378FB08DA}
	EndGlobalSection
EndGlobal
