
Microsoft Visual Studio Solution File, Format Version 12.00
# Visual Studio Version 17
VisualStudioVersion = 17.7.34031.279
MinimumVisualStudioVersion = 10.0.40219.1
Project("{FAE04EC0-301F-11D3-BF4B-00C04F79EFBC}") = "Primera_Interface", "Primera_Interface\Primera_Interface.csproj", "{D370F6EE-E739-4960-84A5-3F80CC8A355D}"
EndProject
Global
	GlobalSection(SolutionConfigurationPlatforms) = preSolution
		Debug|Any CPU = Debug|Any CPU
		Release|Any CPU = Release|Any CPU
	EndGlobalSection
	GlobalSection(ProjectConfigurationPlatforms) = postSolution
		{D370F6EE-E739-4960-84A5-3F80CC8A355D}.Debug|Any CPU.ActiveCfg = Debug|Any CPU
		{D370F6EE-E739-4960-84A5-3F80CC8A355D}.Debug|Any CPU.Build.0 = Debug|Any CPU
		{D370F6EE-E739-4960-84A5-3F80CC8A355D}.Release|Any CPU.ActiveCfg = Release|Any CPU
		{D370F6EE-E739-4960-84A5-3F80CC8A355D}.Release|Any CPU.Build.0 = Release|Any CPU
	EndGlobalSection
	GlobalSection(SolutionProperties) = preSolution
		HideSolutionNode = FALSE
	EndGlobalSection
	GlobalSection(ExtensibilityGlobals) = postSolution
		SolutionGuid = {7EEE7314-EE79-4773-9939-D13C5F32858A}
	EndGlobalSection
EndGlobal
