
Microsoft Visual Studio Solution File, Format Version 12.00
# Visual Studio Version 16
VisualStudioVersion = 16.0.30320.27
MinimumVisualStudioVersion = 10.0.40219.1
Project("{8BC9CEB8-8B4A-11D0-8D11-00A0C91BC942}") = "Project2pruaba", "Project2pruaba\Project2pruaba.vcxitems", "{3C2D2D20-4EC4-4302-8B2F-75301B14CCB0}"
EndProject
Global
	GlobalSection(SolutionProperties) = preSolution
		HideSolutionNode = FALSE
	EndGlobalSection
	GlobalSection(ExtensibilityGlobals) = postSolution
		SolutionGuid = {862BAC58-1010-4359-88E4-27631C6CF941}
	EndGlobalSection
EndGlobal
