
Microsoft Visual Studio Solution File, Format Version 12.00
# Visual Studio Version 16
VisualStudioVersion = 16.0.30320.27
MinimumVisualStudioVersion = 10.0.40219.1
Project("{FAE04EC0-301F-11D3-BF4B-00C04F79EFBC}") = "EjListboxvectores", "EjListboxvectores\EjListboxvectores.csproj", "{77CF1B97-F67B-418D-B4BA-D28D13F82E26}"
EndProject
Global
	GlobalSection(SolutionConfigurationPlatforms) = preSolution
		Debug|Any CPU = Debug|Any CPU
		Release|Any CPU = Release|Any CPU
	EndGlobalSection
	GlobalSection(ProjectConfigurationPlatforms) = postSolution
		{77CF1B97-F67B-418D-B4BA-D28D13F82E26}.Debug|Any CPU.ActiveCfg = Debug|Any CPU
		{77CF1B97-F67B-418D-B4BA-D28D13F82E26}.Debug|Any CPU.Build.0 = Debug|Any CPU
		{77CF1B97-F67B-418D-B4BA-D28D13F82E26}.Release|Any CPU.ActiveCfg = Release|Any CPU
		{77CF1B97-F67B-418D-B4BA-D28D13F82E26}.Release|Any CPU.Build.0 = Release|Any CPU
	EndGlobalSection
	GlobalSection(SolutionProperties) = preSolution
		HideSolutionNode = FALSE
	EndGlobalSection
	GlobalSection(ExtensibilityGlobals) = postSolution
		SolutionGuid = {C3C74C26-7ACC-44F4-8318-62D7A84793A6}
	EndGlobalSection
EndGlobal
